
Microsoft Visual Studio Solution File, Format Version 12.00
# Visual Studio Version 17
VisualStudioVersion = 17.5.33424.131
MinimumVisualStudioVersion = 10.0.40219.1
Project("{FAE04EC0-301F-11D3-BF4B-00C04F79EFBC}") = "Design patterns", "Design patterns.csproj", "{4FAD4202-74C6-4F91-ADE5-652A5F32709E}"
EndProject
Global
	GlobalSection(SolutionConfigurationPlatforms) = preSolution
		Debug|Any CPU = Debug|Any CPU
		Release|Any CPU = Release|Any CPU
	EndGlobalSection
	GlobalSection(ProjectConfigurationPlatforms) = postSolution
		{4FAD4202-74C6-4F91-ADE5-652A5F32709E}.Debug|Any CPU.ActiveCfg = Debug|Any CPU
		{4FAD4202-74C6-4F91-ADE5-652A5F32709E}.Debug|Any CPU.Build.0 = Debug|Any CPU
		{4FAD4202-74C6-4F91-ADE5-652A5F32709E}.Release|Any CPU.ActiveCfg = Release|Any CPU
		{4FAD4202-74C6-4F91-ADE5-652A5F32709E}.Release|Any CPU.Build.0 = Release|Any CPU
	EndGlobalSection
	GlobalSection(SolutionProperties) = preSolution
		HideSolutionNode = FALSE
	EndGlobalSection
	GlobalSection(ExtensibilityGlobals) = postSolution
		SolutionGuid = {481A41E0-2A2C-4BE4-B8EB-F49E3C28A9A8}
	EndGlobalSection
EndGlobal
